
Microsoft Visual Studio Solution File, Format Version 12.00
# Visual Studio Version 17
VisualStudioVersion = 17.1.31903.286
MinimumVisualStudioVersion = 10.0.40219.1
Project("{2150E333-8FDC-42A3-9474-1A3956D46DE8}") = "Solution Items", "Solution Items", "{98496D7A-0A28-4746-A647-B6BC9E184FCD}"
	ProjectSection(SolutionItems) = preProject
		Directory.Build.props = Directory.Build.props
		Directory.Build.targets = Directory.Build.targets
	EndProjectSection
EndProject
Project("{2150E333-8FDC-42A3-9474-1A3956D46DE8}") = "src", "src", "{FBFF614F-0ECC-4B51-BB63-519B8297DE73}"
EndProject
Project("{2150E333-8FDC-42A3-9474-1A3956D46DE8}") = "test", "test", "{B3D5D7F5-769A-4C3E-B455-6EDFE5C85802}"
EndProject
Project("{2150E333-8FDC-42A3-9474-1A3956D46DE8}") = "Presentation", "Presentation", "{AE8B845F-969D-452B-9910-E5106668881D}"
EndProject
Project("{2150E333-8FDC-42A3-9474-1A3956D46DE8}") = "Infrastructure", "Infrastructure", "{F16D2CA5-5639-415A-808A-8EBE60BE1195}"
EndProject
Project("{2150E333-8FDC-42A3-9474-1A3956D46DE8}") = "Domain", "Domain", "{1AD284E0-26CB-4226-A2E7-145E6579666D}"
EndProject
Project("{2150E333-8FDC-42A3-9474-1A3956D46DE8}") = "Application", "Application", "{FDB6159F-90F2-4902-B723-BF66CE4A8FE4}"
EndProject
Project("{9A19103F-16F7-4668-BE54-9A1E7A4F7556}") = "Sofa.CourseManagement.Domain", "src\Domain\Sample.Domain\Sofa.CourseManagement.Domain.csproj", "{74972F90-4766-45FB-97E5-F199B5E12325}"
EndProject
Project("{9A19103F-16F7-4668-BE54-9A1E7A4F7556}") = "Sofa.CourseManagement.Application.Contract", "src\Application\Sample.Application.Contract\Sofa.CourseManagement.Application.Contract.csproj", "{14828B43-B04C-44AE-8B3C-3987018D2329}"
EndProject
Project("{9A19103F-16F7-4668-BE54-9A1E7A4F7556}") = "Sofa.CourseManagement.Application", "src\Application\Sample.Application\Sofa.CourseManagement.Application.csproj", "{3023CADF-03D1-4E2A-BC5A-F3394A9E48F6}"
EndProject
Project("{9A19103F-16F7-4668-BE54-9A1E7A4F7556}") = "Sofa.CourseManagement.Infrastructure", "src\Infrastructure\Sample.Infrastructure\Sofa.CourseManagement.Infrastructure.csproj", "{2472DE2C-59F6-4FFB-82D5-43D659F739F8}"
EndProject
Project("{9A19103F-16F7-4668-BE54-9A1E7A4F7556}") = "Sofa.CourseManagement.Domain.Test", "test\Sample.Domain.Test\Sofa.CourseManagement.Domain.Test.csproj", "{56A5C570-2B18-485A-88F4-EDC33C1C582D}"
EndProject
Project("{FAE04EC0-301F-11D3-BF4B-00C04F79EFBC}") = "Sofa.CourseManagement.RestApi", "src\Presentation\Sofa.CourseManagement.RestApi\Sofa.CourseManagement.RestApi.csproj", "{DB121F2B-F902-434E-9400-245FAC5864B5}"
EndProject
Project("{FAE04EC0-301F-11D3-BF4B-00C04F79EFBC}") = "Sofa.CourseManagement.Domain.Contract", "src\Domain\Sofa.CourseManagement.Domain.Contract\Sofa.CourseManagement.Domain.Contract.csproj", "{A973A520-1010-4E8D-93AA-9271B9CBABCF}"
EndProject
Global
	GlobalSection(SolutionConfigurationPlatforms) = preSolution
		Debug|Any CPU = Debug|Any CPU
		Release|Any CPU = Release|Any CPU
	EndGlobalSection
	GlobalSection(ProjectConfigurationPlatforms) = postSolution
		{74972F90-4766-45FB-97E5-F199B5E12325}.Debug|Any CPU.ActiveCfg = Debug|Any CPU
		{74972F90-4766-45FB-97E5-F199B5E12325}.Debug|Any CPU.Build.0 = Debug|Any CPU
		{74972F90-4766-45FB-97E5-F199B5E12325}.Release|Any CPU.ActiveCfg = Release|Any CPU
		{74972F90-4766-45FB-97E5-F199B5E12325}.Release|Any CPU.Build.0 = Release|Any CPU
		{14828B43-B04C-44AE-8B3C-3987018D2329}.Debug|Any CPU.ActiveCfg = Debug|Any CPU
		{14828B43-B04C-44AE-8B3C-3987018D2329}.Debug|Any CPU.Build.0 = Debug|Any CPU
		{14828B43-B04C-44AE-8B3C-3987018D2329}.Release|Any CPU.ActiveCfg = Release|Any CPU
		{14828B43-B04C-44AE-8B3C-3987018D2329}.Release|Any CPU.Build.0 = Release|Any CPU
		{3023CADF-03D1-4E2A-BC5A-F3394A9E48F6}.Debug|Any CPU.ActiveCfg = Debug|Any CPU
		{3023CADF-03D1-4E2A-BC5A-F3394A9E48F6}.Debug|Any CPU.Build.0 = Debug|Any CPU
		{3023CADF-03D1-4E2A-BC5A-F3394A9E48F6}.Release|Any CPU.ActiveCfg = Release|Any CPU
		{3023CADF-03D1-4E2A-BC5A-F3394A9E48F6}.Release|Any CPU.Build.0 = Release|Any CPU
		{2472DE2C-59F6-4FFB-82D5-43D659F739F8}.Debug|Any CPU.ActiveCfg = Debug|Any CPU
		{2472DE2C-59F6-4FFB-82D5-43D659F739F8}.Debug|Any CPU.Build.0 = Debug|Any CPU
		{2472DE2C-59F6-4FFB-82D5-43D659F739F8}.Release|Any CPU.ActiveCfg = Release|Any CPU
		{2472DE2C-59F6-4FFB-82D5-43D659F739F8}.Release|Any CPU.Build.0 = Release|Any CPU
		{56A5C570-2B18-485A-88F4-EDC33C1C582D}.Debug|Any CPU.ActiveCfg = Debug|Any CPU
		{56A5C570-2B18-485A-88F4-EDC33C1C582D}.Debug|Any CPU.Build.0 = Debug|Any CPU
		{56A5C570-2B18-485A-88F4-EDC33C1C582D}.Release|Any CPU.ActiveCfg = Release|Any CPU
		{56A5C570-2B18-485A-88F4-EDC33C1C582D}.Release|Any CPU.Build.0 = Release|Any CPU
		{DB121F2B-F902-434E-9400-245FAC5864B5}.Debug|Any CPU.ActiveCfg = Debug|Any CPU
		{DB121F2B-F902-434E-9400-245FAC5864B5}.Debug|Any CPU.Build.0 = Debug|Any CPU
		{DB121F2B-F902-434E-9400-245FAC5864B5}.Release|Any CPU.ActiveCfg = Release|Any CPU
		{DB121F2B-F902-434E-9400-245FAC5864B5}.Release|Any CPU.Build.0 = Release|Any CPU
		{A973A520-1010-4E8D-93AA-9271B9CBABCF}.Debug|Any CPU.ActiveCfg = Debug|Any CPU
		{A973A520-1010-4E8D-93AA-9271B9CBABCF}.Debug|Any CPU.Build.0 = Debug|Any CPU
		{A973A520-1010-4E8D-93AA-9271B9CBABCF}.Release|Any CPU.ActiveCfg = Release|Any CPU
		{A973A520-1010-4E8D-93AA-9271B9CBABCF}.Release|Any CPU.Build.0 = Release|Any CPU
	EndGlobalSection
	GlobalSection(SolutionProperties) = preSolution
		HideSolutionNode = FALSE
	EndGlobalSection
	GlobalSection(NestedProjects) = preSolution
		{AE8B845F-969D-452B-9910-E5106668881D} = {FBFF614F-0ECC-4B51-BB63-519B8297DE73}
		{F16D2CA5-5639-415A-808A-8EBE60BE1195} = {FBFF614F-0ECC-4B51-BB63-519B8297DE73}
		{1AD284E0-26CB-4226-A2E7-145E6579666D} = {FBFF614F-0ECC-4B51-BB63-519B8297DE73}
		{FDB6159F-90F2-4902-B723-BF66CE4A8FE4} = {FBFF614F-0ECC-4B51-BB63-519B8297DE73}
		{74972F90-4766-45FB-97E5-F199B5E12325} = {1AD284E0-26CB-4226-A2E7-145E6579666D}
		{14828B43-B04C-44AE-8B3C-3987018D2329} = {FDB6159F-90F2-4902-B723-BF66CE4A8FE4}
		{3023CADF-03D1-4E2A-BC5A-F3394A9E48F6} = {FDB6159F-90F2-4902-B723-BF66CE4A8FE4}
		{2472DE2C-59F6-4FFB-82D5-43D659F739F8} = {F16D2CA5-5639-415A-808A-8EBE60BE1195}
		{56A5C570-2B18-485A-88F4-EDC33C1C582D} = {B3D5D7F5-769A-4C3E-B455-6EDFE5C85802}
		{DB121F2B-F902-434E-9400-245FAC5864B5} = {AE8B845F-969D-452B-9910-E5106668881D}
		{A973A520-1010-4E8D-93AA-9271B9CBABCF} = {1AD284E0-26CB-4226-A2E7-145E6579666D}
	EndGlobalSection
	GlobalSection(ExtensibilityGlobals) = postSolution
		SolutionGuid = {2E32C163-A7C0-46D0-9FCF-0B71CB25967E}
	EndGlobalSection
EndGlobal
